
Microsoft Visual Studio Solution File, Format Version 12.00
# Visual Studio Version 17
VisualStudioVersion = 17.2.32519.379
MinimumVisualStudioVersion = 10.0.40219.1
Project("{FAE04EC0-301F-11D3-BF4B-00C04F79EFBC}") = "Discord3dsMax", "Discord3dsMax\Discord3dsMax.csproj", "{8837C51D-6BAB-4923-AC5E-04195B01C3E0}"
EndProject
Global
	GlobalSection(SolutionConfigurationPlatforms) = preSolution
		Debug|Any CPU = Debug|Any CPU
		Release|Any CPU = Release|Any CPU
	EndGlobalSection
	GlobalSection(ProjectConfigurationPlatforms) = postSolution
		{8837C51D-6BAB-4923-AC5E-04195B01C3E0}.Debug|Any CPU.ActiveCfg = Debug|Any CPU
		{8837C51D-6BAB-4923-AC5E-04195B01C3E0}.Debug|Any CPU.Build.0 = Debug|Any CPU
		{8837C51D-6BAB-4923-AC5E-04195B01C3E0}.Release|Any CPU.ActiveCfg = Release|Any CPU
		{8837C51D-6BAB-4923-AC5E-04195B01C3E0}.Release|Any CPU.Build.0 = Release|Any CPU
	EndGlobalSection
	GlobalSection(SolutionProperties) = preSolution
		HideSolutionNode = FALSE
	EndGlobalSection
	GlobalSection(ExtensibilityGlobals) = postSolution
		SolutionGuid = {88F8120A-CEDF-4681-9B0B-BD434F287A98}
	EndGlobalSection
EndGlobal
